
Microsoft Visual Studio Solution File, Format Version 12.00
# Visual Studio 2012
Project("{FAE04EC0-301F-11D3-BF4B-00C04F79EFBC}") = "MOD.Web.Element.Tests", "MOD.Web.Element.Tests.csproj", "{E95E8F4C-88BE-4DDF-812A-4C4F3CE7A6A2}"
EndProject
Global
	GlobalSection(SolutionConfigurationPlatforms) = preSolution
		Debug|Any CPU = Debug|Any CPU
		Release|Any CPU = Release|Any CPU
	EndGlobalSection
	GlobalSection(ProjectConfigurationPlatforms) = postSolution
		{E95E8F4C-88BE-4DDF-812A-4C4F3CE7A6A2}.Debug|Any CPU.ActiveCfg = Debug|Any CPU
		{E95E8F4C-88BE-4DDF-812A-4C4F3CE7A6A2}.Debug|Any CPU.Build.0 = Debug|Any CPU
		{E95E8F4C-88BE-4DDF-812A-4C4F3CE7A6A2}.Release|Any CPU.ActiveCfg = Release|Any CPU
		{E95E8F4C-88BE-4DDF-812A-4C4F3CE7A6A2}.Release|Any CPU.Build.0 = Release|Any CPU
	EndGlobalSection
	GlobalSection(SolutionProperties) = preSolution
		HideSolutionNode = FALSE
	EndGlobalSection
EndGlobal
