
Microsoft Visual Studio Solution File, Format Version 12.00
# Visual Studio 2012
Project("{FAE04EC0-301F-11D3-BF4B-00C04F79EFBC}") = "MOD.Web.Element", "MOD.Web.Element.csproj", "{4621CD60-1955-4B44-BF7C-F669FB7B1B36}"
EndProject
Project("{FAE04EC0-301F-11D3-BF4B-00C04F79EFBC}") = "MOD.Web.Element.Tests", "MOD.Web.Element.Tests\MOD.Web.Element.Tests.csproj", "{FD889B55-96DD-4779-9EBB-8CEE2A9194E0}"
EndProject
Global
	GlobalSection(SolutionConfigurationPlatforms) = preSolution
		Debug|Any CPU = Debug|Any CPU
		Release|Any CPU = Release|Any CPU
	EndGlobalSection
	GlobalSection(ProjectConfigurationPlatforms) = postSolution
		{4621CD60-1955-4B44-BF7C-F669FB7B1B36}.Debug|Any CPU.ActiveCfg = Debug|Any CPU
		{4621CD60-1955-4B44-BF7C-F669FB7B1B36}.Debug|Any CPU.Build.0 = Debug|Any CPU
		{4621CD60-1955-4B44-BF7C-F669FB7B1B36}.Release|Any CPU.ActiveCfg = Release|Any CPU
		{4621CD60-1955-4B44-BF7C-F669FB7B1B36}.Release|Any CPU.Build.0 = Release|Any CPU
		{FD889B55-96DD-4779-9EBB-8CEE2A9194E0}.Debug|Any CPU.ActiveCfg = Debug|Any CPU
		{FD889B55-96DD-4779-9EBB-8CEE2A9194E0}.Debug|Any CPU.Build.0 = Debug|Any CPU
		{FD889B55-96DD-4779-9EBB-8CEE2A9194E0}.Release|Any CPU.ActiveCfg = Release|Any CPU
		{FD889B55-96DD-4779-9EBB-8CEE2A9194E0}.Release|Any CPU.Build.0 = Release|Any CPU
	EndGlobalSection
	GlobalSection(SolutionProperties) = preSolution
		HideSolutionNode = FALSE
	EndGlobalSection
EndGlobal
